
Microsoft Visual Studio Solution File, Format Version 12.00
# Visual Studio Version 16
VisualStudioVersion = 16.0.31702.278
MinimumVisualStudioVersion = 10.0.40219.1
Project("{FAE04EC0-301F-11D3-BF4B-00C04F79EFBC}") = "Goksysteem", "Goksysteem.csproj", "{A938B79F-BECB-4DF9-99BD-3BDB5C9476CC}"
EndProject
Global
	GlobalSection(SolutionConfigurationPlatforms) = preSolution
		Debug|Any CPU = Debug|Any CPU
		Release|Any CPU = Release|Any CPU
	EndGlobalSection
	GlobalSection(ProjectConfigurationPlatforms) = postSolution
		{A938B79F-BECB-4DF9-99BD-3BDB5C9476CC}.Debug|Any CPU.ActiveCfg = Debug|Any CPU
		{A938B79F-BECB-4DF9-99BD-3BDB5C9476CC}.Debug|Any CPU.Build.0 = Debug|Any CPU
		{A938B79F-BECB-4DF9-99BD-3BDB5C9476CC}.Release|Any CPU.ActiveCfg = Release|Any CPU
		{A938B79F-BECB-4DF9-99BD-3BDB5C9476CC}.Release|Any CPU.Build.0 = Release|Any CPU
	EndGlobalSection
	GlobalSection(SolutionProperties) = preSolution
		HideSolutionNode = FALSE
	EndGlobalSection
	GlobalSection(ExtensibilityGlobals) = postSolution
		SolutionGuid = {B1EA078F-3127-49EA-8C0D-18E382252B06}
	EndGlobalSection
EndGlobal
